// !$*UTF8*$!
{
	archiveVersion = 1;
	classes = {
	};
	objectVersion = 55;
	objects = {

/* Begin PBXBuildFile section */
		87ABF640273C9E1600932C50 /* AppDelegate.swift in Sources */ = {isa = PBXBuildFile; fileRef = 87ABF63F273C9E1600932C50 /* AppDelegate.swift */; };
		87ABF642273C9E1600932C50 /* SceneDelegate.swift in Sources */ = {isa = PBXBuildFile; fileRef = 87ABF641273C9E1600932C50 /* SceneDelegate.swift */; };
		87ABF644273C9E1600932C50 /* ViewController.swift in Sources */ = {isa = PBXBuildFile; fileRef = 87ABF643273C9E1600932C50 /* ViewController.swift */; };
		87ABF647273C9E1600932C50 /* Main.storyboard in Resources */ = {isa = PBXBuildFile; fileRef = 87ABF645273C9E1600932C50 /* Main.storyboard */; };
		87ABF649273C9E1700932C50 /* Assets.xcassets in Resources */ = {isa = PBXBuildFile; fileRef = 87ABF648273C9E1700932C50 /* Assets.xcassets */; };
		87ABF64C273C9E1700932C50 /* LaunchScreen.storyboard in Resources */ = {isa = PBXBuildFile; fileRef = 87ABF64A273C9E1700932C50 /* LaunchScreen.storyboard */; };
		87ABF655273C9E9A00932C50 /* SnapKit in Frameworks */ = {isa = PBXBuildFile; productRef = 87ABF654273C9E9A00932C50 /* SnapKit */; };
		87ABF657273CDB9200932C50 /* Button.swift in Sources */ = {isa = PBXBuildFile; fileRef = 87ABF656273CDB9200932C50 /* Button.swift */; };
/* End PBXBuildFile section */

/* Begin PBXFileReference section */
		87ABF63C273C9E1600932C50 /* SnapKitTest.app */ = {isa = PBXFileReference; explicitFileType = wrapper.application; includeInIndex = 0; path = SnapKitTest.app; sourceTree = BUILT_PRODUCTS_DIR; };
		87ABF63F273C9E1600932C50 /* AppDelegate.swift */ = {isa = PBXFileReference; lastKnownFileType = sourcecode.swift; path = AppDelegate.swift; sourceTree = "<group>"; };
		87ABF641273C9E1600932C50 /* SceneDelegate.swift */ = {isa = PBXFileReference; lastKnownFileType = sourcecode.swift; path = SceneDelegate.swift; sourceTree = "<group>"; };
		87ABF643273C9E1600932C50 /* ViewController.swift */ = {isa = PBXFileReference; lastKnownFileType = sourcecode.swift; path = ViewController.swift; sourceTree = "<group>"; };
		87ABF646273C9E1600932C50 /* Base */ = {isa = PBXFileReference; lastKnownFileType = file.storyboard; name = Base; path = Base.lproj/Main.storyboard; sourceTree = "<group>"; };
		87ABF648273C9E1700932C50 /* Assets.xcassets */ = {isa = PBXFileReference; lastKnownFileType = folder.assetcatalog; path = Assets.xcassets; sourceTree = "<group>"; };
		87ABF64B273C9E1700932C50 /* Base */ = {isa = PBXFileReference; lastKnownFileType = file.storyboard; name = Base; path = Base.lproj/LaunchScreen.storyboard; sourceTree = "<group>"; };
		87ABF64D273C9E1700932C50 /* Info.plist */ = {isa = PBXFileReference; lastKnownFileType = text.plist.xml; path = Info.plist; sourceTree = "<group>"; };
		87ABF656273CDB9200932C50 /* Button.swift */ = {isa = PBXFileReference; lastKnownFileType = sourcecode.swift; path = Button.swift; sourceTree = "<group>"; };
/* End PBXFileReference section */

/* Begin PBXFrameworksBuildPhase section */
		87ABF639273C9E1600932C50 /* Frameworks */ = {
			isa = PBXFrameworksBuildPhase;
			buildActionMask = 2147483647;
			files = (
				87ABF655273C9E9A00932C50 /* SnapKit in Frameworks */,
			);
			runOnlyForDeploymentPostprocessing = 0;
		};
/* End PBXFrameworksBuildPhase section */

/* Begin PBXGroup section */
		87ABF633273C9E1600932C50 = {
			isa = PBXGroup;
			children = (
				87ABF63E273C9E1600932C50 /* SnapKitTest */,
				87ABF63D273C9E1600932C50 /* Products */,
			);
			sourceTree = "<group>";
		};
		87ABF63D273C9E1600932C50 /* Products */ = {
			isa = PBXGroup;
			children = (
				87ABF63C273C9E1600932C50 /* SnapKitTest.app */,
			);
			name = Products;
			sourceTree = "<group>";
		};
		87ABF63E273C9E1600932C50 /* SnapKitTest */ = {
			isa = PBXGroup;
			children = (
				87ABF656273CDB9200932C50 /* Button.swift */,
				87ABF63F273C9E1600932C50 /* AppDelegate.swift */,
				87ABF641273C9E1600932C50 /* SceneDelegate.swift */,
				87ABF643273C9E1600932C50 /* ViewController.swift */,
				87ABF645273C9E1600932C50 /* Main.storyboard */,
				87ABF648273C9E1700932C50 /* Assets.xcassets */,
				87ABF64A273C9E1700932C50 /* LaunchScreen.storyboard */,
				87ABF64D273C9E1700932C50 /* Info.plist */,
			);
			path = SnapKitTest;
			sourceTree = "<group>";
		};
/* End PBXGroup section */

/* Begin PBXNativeTarget section */
		87ABF63B273C9E1600932C50 /* SnapKitTest */ = {
			isa = PBXNativeTarget;
			buildConfigurationList = 87ABF650273C9E1700932C50 /* Build configuration list for PBXNativeTarget "SnapKitTest" */;
			buildPhases = (
				87ABF638273C9E1600932C50 /* Sources */,
				87ABF639273C9E1600932C50 /* Frameworks */,
				87ABF63A273C9E1600932C50 /* Resources */,
			);
			buildRules = (
			);
			dependencies = (
			);
			name = SnapKitTest;
			packageProductDependencies = (
				87ABF654273C9E9A00932C50 /* SnapKit */,
			);
			productName = SnapKitTest;
			productReference = 87ABF63C273C9E1600932C50 /* SnapKitTest.app */;
			productType = "com.apple.product-type.application";
		};
/* End PBXNativeTarget section */

/* Begin PBXProject section */
		87ABF634273C9E1600932C50 /* Project object */ = {
			isa = PBXProject;
			attributes = {
				BuildIndependentTargetsInParallel = 1;
				LastSwiftUpdateCheck = 1300;
				LastUpgradeCheck = 1300;
				TargetAttributes = {
					87ABF63B273C9E1600932C50 = {
						CreatedOnToolsVersion = 13.0;
					};
				};
			};
			buildConfigurationList = 87ABF637273C9E1600932C50 /* Build configuration list for PBXProject "SnapKitTest" */;
			compatibilityVersion = "Xcode 13.0";
			developmentRegion = en;
			hasScannedForEncodings = 0;
			knownRegions = (
				en,
				Base,
			);
			mainGroup = 87ABF633273C9E1600932C50;
			packageReferences = (
				87ABF653273C9E9900932C50 /* XCRemoteSwiftPackageReference "SnapKit" */,
			);
			productRefGroup = 87ABF63D273C9E1600932C50 /* Products */;
			projectDirPath = "";
			projectRoot = "";
			targets = (
				87ABF63B273C9E1600932C50 /* SnapKitTest */,
			);
		};
/* End PBXProject section */

/* Begin PBXResourcesBuildPhase section */
		87ABF63A273C9E1600932C50 /* Resources */ = {
			isa = PBXResourcesBuildPhase;
			buildActionMask = 2147483647;
			files = (
				87ABF64C273C9E1700932C50 /* LaunchScreen.storyboard in Resources */,
				87ABF649273C9E1700932C50 /* Assets.xcassets in Resources */,
				87ABF647273C9E1600932C50 /* Main.storyboard in Resources */,
			);
			runOnlyForDeploymentPostprocessing = 0;
		};
/* End PBXResourcesBuildPhase section */

/* Begin PBXSourcesBuildPhase section */
		87ABF638273C9E1600932C50 /* Sources */ = {
			isa = PBXSourcesBuildPhase;
			buildActionMask = 2147483647;
			files = (
				87ABF644273C9E1600932C50 /* ViewController.swift in Sources */,
				87ABF640273C9E1600932C50 /* AppDelegate.swift in Sources */,
				87ABF642273C9E1600932C50 /* SceneDelegate.swift in Sources */,
				87ABF657273CDB9200932C50 /* Button.swift in Sources */,
			);
			runOnlyForDeploymentPostprocessing = 0;
		};
/* End PBXSourcesBuildPhase section */

/* Begin PBXVariantGroup section */
		87ABF645273C9E1600932C50 /* Main.storyboard */ = {
			isa = PBXVariantGroup;
			children = (
				87ABF646273C9E1600932C50 /* Base */,
			);
			name = Main.storyboard;
			sourceTree = "<group>";
		};
		87ABF64A273C9E1700932C50 /* LaunchScreen.storyboard */ = {
			isa = PBXVariantGroup;
			children = (
				87ABF64B273C9E1700932C50 /* Base */,
			);
			name = LaunchScreen.storyboard;
			sourceTree = "<group>";
		};
/* End PBXVariantGroup section */

/* Begin XCBuildConfiguration section */
		87ABF64E273C9E1700932C50 /* Debug */ = {
			isa = XCBuildConfiguration;
			buildSettings = {
				ALWAYS_SEARCH_USER_PATHS = NO;
				CLANG_ANALYZER_NONNULL = YES;
				CLANG_ANALYZER_NUMBER_OBJECT_CONVERSION = YES_AGGRESSIVE;
				CLANG_CXX_LANGUAGE_STANDARD = "gnu++17";
				CLANG_CXX_LIBRARY = "libc++";
				CLANG_ENABLE_MODULES = YES;
				CLANG_ENABLE_OBJC_ARC = YES;
				CLANG_ENABLE_OBJC_WEAK = YES;
				CLANG_WARN_BLOCK_CAPTURE_AUTORELEASING = YES;
				CLANG_WARN_BOOL_CONVERSION = YES;
				CLANG_WARN_COMMA = YES;
				CLANG_WARN_CONSTANT_CONVERSION = YES;
				CLANG_WARN_DEPRECATED_OBJC_IMPLEMENTATIONS = YES;
				CLANG_WARN_DIRECT_OBJC_ISA_USAGE = YES_ERROR;
				CLANG_WARN_DOCUMENTATION_COMMENTS = YES;
				CLANG_WARN_EMPTY_BODY = YES;
				CLANG_WARN_ENUM_CONVERSION = YES;
				CLANG_WARN_INFINITE_RECURSION = YES;
				CLANG_WARN_INT_CONVERSION = YES;
				CLANG_WARN_NON_LITERAL_NULL_CONVERSION = YES;
				CLANG_WARN_OBJC_IMPLICIT_RETAIN_SELF = YES;
				CLANG_WARN_OBJC_LITERAL_CONVERSION = YES;
				CLANG_WARN_OBJC_ROOT_CLASS = YES_ERROR;
				CLANG_WARN_QUOTED_INCLUDE_IN_FRAMEWORK_HEADER = YES;
				CLANG_WARN_RANGE_LOOP_ANALYSIS = YES;
				CLANG_WARN_STRICT_PROTOTYPES = YES;
				CLANG_WARN_SUSPICIOUS_MOVE = YES;
				CLANG_WARN_UNGUARDED_AVAILABILITY = YES_AGGRESSIVE;
				CLANG_WARN_UNREACHABLE_CODE = YES;
				CLANG_WARN__DUPLICATE_METHOD_MATCH = YES;
				COPY_PHASE_STRIP = NO;
				DEBUG_INFORMATION_FORMAT = dwarf;
				ENABLE_STRICT_OBJC_MSGSEND = YES;
				ENABLE_TESTABILITY = YES;
				GCC_C_LANGUAGE_STANDARD = gnu11;
				GCC_DYNAMIC_NO_PIC = NO;
				GCC_NO_COMMON_BLOCKS = YES;
				GCC_OPTIMIZATION_LEVEL = 0;
				GCC_PREPROCESSOR_DEFINITIONS = (
					"DEBUG=1",
					"$(inherited)",
				);
				GCC_WARN_64_TO_32_BIT_CONVERSION = YES;
				GCC_WARN_ABOUT_RETURN_TYPE = YES_ERROR;
				GCC_WARN_UNDECLARED_SELECTOR = YES;
				GCC_WARN_UNINITIALIZED_AUTOS = YES_AGGRESSIVE;
				GCC_WARN_UNUSED_FUNCTION = YES;
				GCC_WARN_UNUSED_VARIABLE = YES;
				IPHONEOS_DEPLOYMENT_TARGET = 15.0;
				MTL_ENABLE_DEBUG_INFO = INCLUDE_SOURCE;
				MTL_FAST_MATH = YES;
				ONLY_ACTIVE_ARCH = YES;
				SDKROOT = iphoneos;
				SWIFT_ACTIVE_COMPILATION_CONDITIONS = DEBUG;
				SWIFT_OPTIMIZATION_LEVEL = "-Onone";
			};
			name = Debug;
		};
		87ABF64F273C9E1700932C50 /* Release */ = {
			isa = XCBuildConfiguration;
			buildSettings = {
				ALWAYS_SEARCH_USER_PATHS = NO;
				CLANG_ANALYZER_NONNULL = YES;
				CLANG_ANALYZER_NUMBER_OBJECT_CONVERSION = YES_AGGRESSIVE;
				CLANG_CXX_LANGUAGE_STANDARD = "gnu++17";
				CLANG_CXX_LIBRARY = "libc++";
				CLANG_ENABLE_MODULES = YES;
				CLANG_ENABLE_OBJC_ARC = YES;
				CLANG_ENABLE_OBJC_WEAK = YES;
				CLANG_WARN_BLOCK_CAPTURE_AUTORELEASING = YES;
				CLANG_WARN_BOOL_CONVERSION = YES;
				CLANG_WARN_COMMA = YES;
				CLANG_WARN_CONSTANT_CONVERSION = YES;
				CLANG_WARN_DEPRECATED_OBJC_IMPLEMENTATIONS = YES;
				CLANG_WARN_DIRECT_OBJC_ISA_USAGE = YES_ERROR;
				CLANG_WARN_DOCUMENTATION_COMMENTS = YES;
				CLANG_WARN_EMPTY_BODY = YES;
				CLANG_WARN_ENUM_CONVERSION = YES;
				CLANG_WARN_INFINITE_RECURSION = YES;
				CLANG_WARN_INT_CONVERSION = YES;
				CLANG_WARN_NON_LITERAL_NULL_CONVERSION = YES;
				CLANG_WARN_OBJC_IMPLICIT_RETAIN_SELF = YES;
				CLANG_WARN_OBJC_LITERAL_CONVERSION = YES;
				CLANG_WARN_OBJC_ROOT_CLASS = YES_ERROR;
				CLANG_WARN_QUOTED_INCLUDE_IN_FRAMEWORK_HEADER = YES;
				CLANG_WARN_RANGE_LOOP_ANALYSIS = YES;
				CLANG_WARN_STRICT_PROTOTYPES = YES;
				CLANG_WARN_SUSPICIOUS_MOVE = YES;
				CLANG_WARN_UNGUARDED_AVAILABILITY = YES_AGGRESSIVE;
				CLANG_WARN_UNREACHABLE_CODE = YES;
				CLANG_WARN__DUPLICATE_METHOD_MATCH = YES;
				COPY_PHASE_STRIP = NO;
				DEBUG_INFORMATION_FORMAT = "dwarf-with-dsym";
				ENABLE_NS_ASSERTIONS = NO;
				ENABLE_STRICT_OBJC_MSGSEND = YES;
				GCC_C_LANGUAGE_STANDARD = gnu11;
				GCC_NO_COMMON_BLOCKS = YES;
				GCC_WARN_64_TO_32_BIT_CONVERSION = YES;
				GCC_WARN_ABOUT_RETURN_TYPE = YES_ERROR;
				GCC_WARN_UNDECLARED_SELECTOR = YES;
				GCC_WARN_UNINITIALIZED_AUTOS = YES_AGGRESSIVE;
				GCC_WARN_UNUSED_FUNCTION = YES;
				GCC_WARN_UNUSED_VARIABLE = YES;
				IPHONEOS_DEPLOYMENT_TARGET = 15.0;
				MTL_ENABLE_DEBUG_INFO = NO;
				MTL_FAST_MATH = YES;
				SDKROOT = iphoneos;
				SWIFT_COMPILATION_MODE = wholemodule;
				SWIFT_OPTIMIZATION_LEVEL = "-O";
				VALIDATE_PRODUCT = YES;
			};
			name = Release;
		};
		87ABF651273C9E1700932C50 /* Debug */ = {
			isa = XCBuildConfiguration;
			buildSettings = {
				ASSETCATALOG_COMPILER_APPICON_NAME = AppIcon;
				ASSETCATALOG_COMPILER_GLOBAL_ACCENT_COLOR_NAME = AccentColor;
				CODE_SIGN_STYLE = Automatic;
				CURRENT_PROJECT_VERSION = 1;
				DEVELOPMENT_TEAM = PV83Q4CKGN;
				GENERATE_INFOPLIST_FILE = YES;
				INFOPLIST_FILE = SnapKitTest/Info.plist;
				INFOPLIST_KEY_UIApplicationSupportsIndirectInputEvents = YES;
				INFOPLIST_KEY_UILaunchStoryboardName = LaunchScreen;
				INFOPLIST_KEY_UIMainStoryboardFile = Main;
				INFOPLIST_KEY_UISupportedInterfaceOrientations_iPad = "UIInterfaceOrientationPortrait UIInterfaceOrientationPortraitUpsideDown UIInterfaceOrientationLandscapeLeft UIInterfaceOrientationLandscapeRight";
				INFOPLIST_KEY_UISupportedInterfaceOrientations_iPhone = "UIInterfaceOrientationPortrait UIInterfaceOrientationLandscapeLeft UIInterfaceOrientationLandscapeRight";
				LD_RUNPATH_SEARCH_PATHS = (
					"$(inherited)",
					"@executable_path/Frameworks",
				);
				MARKETING_VERSION = 1.0;
				PRODUCT_BUNDLE_IDENTIFIER = com.LukichevSergey.SnapKitTest;
				PRODUCT_NAME = "$(TARGET_NAME)";
				SWIFT_EMIT_LOC_STRINGS = YES;
				SWIFT_VERSION = 5.0;
				TARGETED_DEVICE_FAMILY = "1,2";
			};
			name = Debug;
		};
		87ABF652273C9E1700932C50 /* Release */ = {
			isa = XCBuildConfiguration;
			buildSettings = {
				ASSETCATALOG_COMPILER_APPICON_NAME = AppIcon;
				ASSETCATALOG_COMPILER_GLOBAL_ACCENT_COLOR_NAME = AccentColor;
				CODE_SIGN_STYLE = Automatic;
				CURRENT_PROJECT_VERSION = 1;
				DEVELOPMENT_TEAM = PV83Q4CKGN;
				GENERATE_INFOPLIST_FILE = YES;
				INFOPLIST_FILE = SnapKitTest/Info.plist;
				INFOPLIST_KEY_UIApplicationSupportsIndirectInputEvents = YES;
				INFOPLIST_KEY_UILaunchStoryboardName = LaunchScreen;
				INFOPLIST_KEY_UIMainStoryboardFile = Main;
				INFOPLIST_KEY_UISupportedInterfaceOrientations_iPad = "UIInterfaceOrientationPortrait UIInterfaceOrientationPortraitUpsideDown UIInterfaceOrientationLandscapeLeft UIInterfaceOrientationLandscapeRight";
				INFOPLIST_KEY_UISupportedInterfaceOrientations_iPhone = "UIInterfaceOrientationPortrait UIInterfaceOrientationLandscapeLeft UIInterfaceOrientationLandscapeRight";
				LD_RUNPATH_SEARCH_PATHS = (
					"$(inherited)",
					"@executable_path/Frameworks",
				);
				MARKETING_VERSION = 1.0;
				PRODUCT_BUNDLE_IDENTIFIER = com.LukichevSergey.SnapKitTest;
				PRODUCT_NAME = "$(TARGET_NAME)";
				SWIFT_EMIT_LOC_STRINGS = YES;
				SWIFT_VERSION = 5.0;
				TARGETED_DEVICE_FAMILY = "1,2";
			};
			name = Release;
		};
/* End XCBuildConfiguration section */

/* Begin XCConfigurationList section */
		87ABF637273C9E1600932C50 /* Build configuration list for PBXProject "SnapKitTest" */ = {
			isa = XCConfigurationList;
			buildConfigurations = (
				87ABF64E273C9E1700932C50 /* Debug */,
				87ABF64F273C9E1700932C50 /* Release */,
			);
			defaultConfigurationIsVisible = 0;
			defaultConfigurationName = Release;
		};
		87ABF650273C9E1700932C50 /* Build configuration list for PBXNativeTarget "SnapKitTest" */ = {
			isa = XCConfigurationList;
			buildConfigurations = (
				87ABF651273C9E1700932C50 /* Debug */,
				87ABF652273C9E1700932C50 /* Release */,
			);
			defaultConfigurationIsVisible = 0;
			defaultConfigurationName = Release;
		};
/* End XCConfigurationList section */

/* Begin XCRemoteSwiftPackageReference section */
		87ABF653273C9E9900932C50 /* XCRemoteSwiftPackageReference "SnapKit" */ = {
			isa = XCRemoteSwiftPackageReference;
			repositoryURL = "https://github.com/SnapKit/SnapKit.git";
			requirement = {
				kind = upToNextMajorVersion;
				minimumVersion = 5.0.0;
			};
		};
/* End XCRemoteSwiftPackageReference section */

/* Begin XCSwiftPackageProductDependency section */
		87ABF654273C9E9A00932C50 /* SnapKit */ = {
			isa = XCSwiftPackageProductDependency;
			package = 87ABF653273C9E9900932C50 /* XCRemoteSwiftPackageReference "SnapKit" */;
			productName = SnapKit;
		};
/* End XCSwiftPackageProductDependency section */
	};
	rootObject = 87ABF634273C9E1600932C50 /* Project object */;
}
